
Microsoft Visual Studio Solution File, Format Version 12.00
# Visual Studio 2013
VisualStudioVersion = 12.0.31101.0
MinimumVisualStudioVersion = 10.0.40219.1
Project("{FAE04EC0-301F-11D3-BF4B-00C04F79EFBC}") = "LibraryAnalysisDown", "LibraryAnalysisDown\LibraryAnalysisDown.csproj", "{633E4020-C819-4D45-9E66-0F294256B3BB}"
EndProject
Project("{FAE04EC0-301F-11D3-BF4B-00C04F79EFBC}") = "AnalysisDown", "AnalysisDown\AnalysisDown.csproj", "{2FD5B76E-0F57-41C6-A58E-AF5E6146452A}"
EndProject
Global
	GlobalSection(SolutionConfigurationPlatforms) = preSolution
		Debug|Any CPU = Debug|Any CPU
		Release|Any CPU = Release|Any CPU
	EndGlobalSection
	GlobalSection(ProjectConfigurationPlatforms) = postSolution
		{633E4020-C819-4D45-9E66-0F294256B3BB}.Debug|Any CPU.ActiveCfg = Debug|Any CPU
		{633E4020-C819-4D45-9E66-0F294256B3BB}.Debug|Any CPU.Build.0 = Debug|Any CPU
		{633E4020-C819-4D45-9E66-0F294256B3BB}.Release|Any CPU.ActiveCfg = Release|Any CPU
		{633E4020-C819-4D45-9E66-0F294256B3BB}.Release|Any CPU.Build.0 = Release|Any CPU
		{2FD5B76E-0F57-41C6-A58E-AF5E6146452A}.Debug|Any CPU.ActiveCfg = Debug|Any CPU
		{2FD5B76E-0F57-41C6-A58E-AF5E6146452A}.Debug|Any CPU.Build.0 = Debug|Any CPU
		{2FD5B76E-0F57-41C6-A58E-AF5E6146452A}.Release|Any CPU.ActiveCfg = Release|Any CPU
		{2FD5B76E-0F57-41C6-A58E-AF5E6146452A}.Release|Any CPU.Build.0 = Release|Any CPU
	EndGlobalSection
	GlobalSection(SolutionProperties) = preSolution
		HideSolutionNode = FALSE
	EndGlobalSection
EndGlobal
